
Microsoft Visual Studio Solution File, Format Version 12.00
# Visual Studio Version 16
VisualStudioVersion = 16.0.31410.357
MinimumVisualStudioVersion = 10.0.40219.1
Project("{9A19103F-16F7-4668-BE54-9A1E7A4F7556}") = "EasyNoSQL", "EasyNoSQL\EasyNoSQL.csproj", "{90060B06-E36B-4BE0-9A23-6C181C251559}"
EndProject
Project("{FAE04EC0-301F-11D3-BF4B-00C04F79EFBC}") = "EastNoSQL.Test", "EastNoSQL.Test\EastNoSQL.Test.csproj", "{1AEA5A4E-564D-4750-AC01-DFED7EBCB7A4}"
EndProject
Global
	GlobalSection(SolutionConfigurationPlatforms) = preSolution
		Debug|Any CPU = Debug|Any CPU
		Release|Any CPU = Release|Any CPU
	EndGlobalSection
	GlobalSection(ProjectConfigurationPlatforms) = postSolution
		{90060B06-E36B-4BE0-9A23-6C181C251559}.Debug|Any CPU.ActiveCfg = Debug|Any CPU
		{90060B06-E36B-4BE0-9A23-6C181C251559}.Debug|Any CPU.Build.0 = Debug|Any CPU
		{90060B06-E36B-4BE0-9A23-6C181C251559}.Release|Any CPU.ActiveCfg = Release|Any CPU
		{90060B06-E36B-4BE0-9A23-6C181C251559}.Release|Any CPU.Build.0 = Release|Any CPU
		{1AEA5A4E-564D-4750-AC01-DFED7EBCB7A4}.Debug|Any CPU.ActiveCfg = Debug|Any CPU
		{1AEA5A4E-564D-4750-AC01-DFED7EBCB7A4}.Debug|Any CPU.Build.0 = Debug|Any CPU
		{1AEA5A4E-564D-4750-AC01-DFED7EBCB7A4}.Release|Any CPU.ActiveCfg = Release|Any CPU
		{1AEA5A4E-564D-4750-AC01-DFED7EBCB7A4}.Release|Any CPU.Build.0 = Release|Any CPU
	EndGlobalSection
	GlobalSection(SolutionProperties) = preSolution
		HideSolutionNode = FALSE
	EndGlobalSection
	GlobalSection(ExtensibilityGlobals) = postSolution
		SolutionGuid = {40CFD6FF-A55A-4725-877E-32B6FFDCD3DD}
	EndGlobalSection
EndGlobal
